
Microsoft Visual Studio Solution File, Format Version 12.00
# Visual Studio Version 17
VisualStudioVersion = 17.5.002.0
MinimumVisualStudioVersion = 10.0.40219.1
Project("{9A19103F-16F7-4668-BE54-9A1E7A4F7556}") = "Calculator", "Calculator.csproj", "{C05D9BF6-0D8F-4EFA-B3CE-A2166E5B113C}"
EndProject
Global
	GlobalSection(SolutionConfigurationPlatforms) = preSolution
		Debug|Any CPU = Debug|Any CPU
		Release|Any CPU = Release|Any CPU
	EndGlobalSection
	GlobalSection(ProjectConfigurationPlatforms) = postSolution
		{C05D9BF6-0D8F-4EFA-B3CE-A2166E5B113C}.Debug|Any CPU.ActiveCfg = Debug|Any CPU
		{C05D9BF6-0D8F-4EFA-B3CE-A2166E5B113C}.Debug|Any CPU.Build.0 = Debug|Any CPU
		{C05D9BF6-0D8F-4EFA-B3CE-A2166E5B113C}.Release|Any CPU.ActiveCfg = Release|Any CPU
		{C05D9BF6-0D8F-4EFA-B3CE-A2166E5B113C}.Release|Any CPU.Build.0 = Release|Any CPU
	EndGlobalSection
	GlobalSection(SolutionProperties) = preSolution
		HideSolutionNode = FALSE
	EndGlobalSection
	GlobalSection(ExtensibilityGlobals) = postSolution
		SolutionGuid = {4599A83B-1F90-4557-B3B2-A550E7056C28}
	EndGlobalSection
EndGlobal
